
Microsoft Visual Studio Solution File, Format Version 12.00
# Visual Studio 15
VisualStudioVersion = 15.0.28307.705
MinimumVisualStudioVersion = 10.0.40219.1
Project("{FAE04EC0-301F-11D3-BF4B-00C04F79EFBC}") = "Lands.Android", "Lands\Lands.Android\Lands.Android.csproj", "{33613760-AE32-4D60-A931-4D64837FD406}"
EndProject
Project("{FAE04EC0-301F-11D3-BF4B-00C04F79EFBC}") = "Lands.iOS", "Lands\Lands.iOS\Lands.iOS.csproj", "{CCDCF7B2-DDCD-41C3-964D-456E4D8CE3FC}"
EndProject
Project("{FAE04EC0-301F-11D3-BF4B-00C04F79EFBC}") = "Lands", "Lands\Lands\Lands.csproj", "{58F68735-4EBE-4878-BB25-27A5C8F0F348}"
EndProject
Project("{FAE04EC0-301F-11D3-BF4B-00C04F79EFBC}") = "Lands.Domain", "Lands.Domain\Lands.Domain.csproj", "{3CA831D4-518C-47A2-B525-1EF06D97354E}"
EndProject
Project("{FAE04EC0-301F-11D3-BF4B-00C04F79EFBC}") = "Lands.Backend", "Lands.Backend\Lands.Backend.csproj", "{D71F4B0E-A80E-4E36-BAC7-B7AA3E37C757}"
EndProject
Project("{FAE04EC0-301F-11D3-BF4B-00C04F79EFBC}") = "Lands.API", "Lands.API\Lands.API.csproj", "{B8770A62-024A-47E1-8B64-5E3C9013C08F}"
EndProject
Global
	GlobalSection(SolutionConfigurationPlatforms) = preSolution
		Ad-Hoc|Any CPU = Ad-Hoc|Any CPU
		Ad-Hoc|iPhone = Ad-Hoc|iPhone
		Ad-Hoc|iPhoneSimulator = Ad-Hoc|iPhoneSimulator
		AppStore|Any CPU = AppStore|Any CPU
		AppStore|iPhone = AppStore|iPhone
		AppStore|iPhoneSimulator = AppStore|iPhoneSimulator
		Debug|Any CPU = Debug|Any CPU
		Debug|iPhone = Debug|iPhone
		Debug|iPhoneSimulator = Debug|iPhoneSimulator
		Release|Any CPU = Release|Any CPU
		Release|iPhone = Release|iPhone
		Release|iPhoneSimulator = Release|iPhoneSimulator
	EndGlobalSection
	GlobalSection(ProjectConfigurationPlatforms) = postSolution
		{33613760-AE32-4D60-A931-4D64837FD406}.Ad-Hoc|Any CPU.ActiveCfg = Release|Any CPU
		{33613760-AE32-4D60-A931-4D64837FD406}.Ad-Hoc|Any CPU.Build.0 = Release|Any CPU
		{33613760-AE32-4D60-A931-4D64837FD406}.Ad-Hoc|Any CPU.Deploy.0 = Release|Any CPU
		{33613760-AE32-4D60-A931-4D64837FD406}.Ad-Hoc|iPhone.ActiveCfg = Release|Any CPU
		{33613760-AE32-4D60-A931-4D64837FD406}.Ad-Hoc|iPhone.Build.0 = Release|Any CPU
		{33613760-AE32-4D60-A931-4D64837FD406}.Ad-Hoc|iPhone.Deploy.0 = Release|Any CPU
		{33613760-AE32-4D60-A931-4D64837FD406}.Ad-Hoc|iPhoneSimulator.ActiveCfg = Release|Any CPU
		{33613760-AE32-4D60-A931-4D64837FD406}.Ad-Hoc|iPhoneSimulator.Build.0 = Release|Any CPU
		{33613760-AE32-4D60-A931-4D64837FD406}.Ad-Hoc|iPhoneSimulator.Deploy.0 = Release|Any CPU
		{33613760-AE32-4D60-A931-4D64837FD406}.AppStore|Any CPU.ActiveCfg = Release|Any CPU
		{33613760-AE32-4D60-A931-4D64837FD406}.AppStore|Any CPU.Build.0 = Release|Any CPU
		{33613760-AE32-4D60-A931-4D64837FD406}.AppStore|Any CPU.Deploy.0 = Release|Any CPU
		{33613760-AE32-4D60-A931-4D64837FD406}.AppStore|iPhone.ActiveCfg = Release|Any CPU
		{33613760-AE32-4D60-A931-4D64837FD406}.AppStore|iPhone.Build.0 = Release|Any CPU
		{33613760-AE32-4D60-A931-4D64837FD406}.AppStore|iPhone.Deploy.0 = Release|Any CPU
		{33613760-AE32-4D60-A931-4D64837FD406}.AppStore|iPhoneSimulator.ActiveCfg = Release|Any CPU
		{33613760-AE32-4D60-A931-4D64837FD406}.AppStore|iPhoneSimulator.Build.0 = Release|Any CPU
		{33613760-AE32-4D60-A931-4D64837FD406}.AppStore|iPhoneSimulator.Deploy.0 = Release|Any CPU
		{33613760-AE32-4D60-A931-4D64837FD406}.Debug|Any CPU.ActiveCfg = Debug|Any CPU
		{33613760-AE32-4D60-A931-4D64837FD406}.Debug|Any CPU.Build.0 = Debug|Any CPU
		{33613760-AE32-4D60-A931-4D64837FD406}.Debug|Any CPU.Deploy.0 = Debug|Any CPU
		{33613760-AE32-4D60-A931-4D64837FD406}.Debug|iPhone.ActiveCfg = Debug|Any CPU
		{33613760-AE32-4D60-A931-4D64837FD406}.Debug|iPhone.Build.0 = Debug|Any CPU
		{33613760-AE32-4D60-A931-4D64837FD406}.Debug|iPhone.Deploy.0 = Debug|Any CPU
		{33613760-AE32-4D60-A931-4D64837FD406}.Debug|iPhoneSimulator.ActiveCfg = Debug|Any CPU
		{33613760-AE32-4D60-A931-4D64837FD406}.Debug|iPhoneSimulator.Build.0 = Debug|Any CPU
		{33613760-AE32-4D60-A931-4D64837FD406}.Debug|iPhoneSimulator.Deploy.0 = Debug|Any CPU
		{33613760-AE32-4D60-A931-4D64837FD406}.Release|Any CPU.ActiveCfg = Release|Any CPU
		{33613760-AE32-4D60-A931-4D64837FD406}.Release|Any CPU.Build.0 = Release|Any CPU
		{33613760-AE32-4D60-A931-4D64837FD406}.Release|Any CPU.Deploy.0 = Release|Any CPU
		{33613760-AE32-4D60-A931-4D64837FD406}.Release|iPhone.ActiveCfg = Release|Any CPU
		{33613760-AE32-4D60-A931-4D64837FD406}.Release|iPhone.Build.0 = Release|Any CPU
		{33613760-AE32-4D60-A931-4D64837FD406}.Release|iPhone.Deploy.0 = Release|Any CPU
		{33613760-AE32-4D60-A931-4D64837FD406}.Release|iPhoneSimulator.ActiveCfg = Release|Any CPU
		{33613760-AE32-4D60-A931-4D64837FD406}.Release|iPhoneSimulator.Build.0 = Release|Any CPU
		{33613760-AE32-4D60-A931-4D64837FD406}.Release|iPhoneSimulator.Deploy.0 = Release|Any CPU
		{CCDCF7B2-DDCD-41C3-964D-456E4D8CE3FC}.Ad-Hoc|Any CPU.ActiveCfg = Ad-Hoc|iPhone
		{CCDCF7B2-DDCD-41C3-964D-456E4D8CE3FC}.Ad-Hoc|Any CPU.Build.0 = Ad-Hoc|iPhone
		{CCDCF7B2-DDCD-41C3-964D-456E4D8CE3FC}.Ad-Hoc|Any CPU.Deploy.0 = Ad-Hoc|iPhone
		{CCDCF7B2-DDCD-41C3-964D-456E4D8CE3FC}.Ad-Hoc|iPhone.ActiveCfg = Ad-Hoc|iPhone
		{CCDCF7B2-DDCD-41C3-964D-456E4D8CE3FC}.Ad-Hoc|iPhone.Build.0 = Ad-Hoc|iPhone
		{CCDCF7B2-DDCD-41C3-964D-456E4D8CE3FC}.Ad-Hoc|iPhone.Deploy.0 = Ad-Hoc|iPhone
		{CCDCF7B2-DDCD-41C3-964D-456E4D8CE3FC}.Ad-Hoc|iPhoneSimulator.ActiveCfg = Ad-Hoc|iPhoneSimulator
		{CCDCF7B2-DDCD-41C3-964D-456E4D8CE3FC}.Ad-Hoc|iPhoneSimulator.Build.0 = Ad-Hoc|iPhoneSimulator
		{CCDCF7B2-DDCD-41C3-964D-456E4D8CE3FC}.Ad-Hoc|iPhoneSimulator.Deploy.0 = Ad-Hoc|iPhoneSimulator
		{CCDCF7B2-DDCD-41C3-964D-456E4D8CE3FC}.AppStore|Any CPU.ActiveCfg = AppStore|iPhone
		{CCDCF7B2-DDCD-41C3-964D-456E4D8CE3FC}.AppStore|Any CPU.Build.0 = AppStore|iPhone
		{CCDCF7B2-DDCD-41C3-964D-456E4D8CE3FC}.AppStore|Any CPU.Deploy.0 = AppStore|iPhone
		{CCDCF7B2-DDCD-41C3-964D-456E4D8CE3FC}.AppStore|iPhone.ActiveCfg = AppStore|iPhone
		{CCDCF7B2-DDCD-41C3-964D-456E4D8CE3FC}.AppStore|iPhone.Build.0 = AppStore|iPhone
		{CCDCF7B2-DDCD-41C3-964D-456E4D8CE3FC}.AppStore|iPhone.Deploy.0 = AppStore|iPhone
		{CCDCF7B2-DDCD-41C3-964D-456E4D8CE3FC}.AppStore|iPhoneSimulator.ActiveCfg = AppStore|iPhoneSimulator
		{CCDCF7B2-DDCD-41C3-964D-456E4D8CE3FC}.AppStore|iPhoneSimulator.Build.0 = AppStore|iPhoneSimulator
		{CCDCF7B2-DDCD-41C3-964D-456E4D8CE3FC}.AppStore|iPhoneSimulator.Deploy.0 = AppStore|iPhoneSimulator
		{CCDCF7B2-DDCD-41C3-964D-456E4D8CE3FC}.Debug|Any CPU.ActiveCfg = Debug|iPhoneSimulator
		{CCDCF7B2-DDCD-41C3-964D-456E4D8CE3FC}.Debug|Any CPU.Build.0 = Debug|iPhoneSimulator
		{CCDCF7B2-DDCD-41C3-964D-456E4D8CE3FC}.Debug|Any CPU.Deploy.0 = Debug|iPhoneSimulator
		{CCDCF7B2-DDCD-41C3-964D-456E4D8CE3FC}.Debug|iPhone.ActiveCfg = Debug|iPhone
		{CCDCF7B2-DDCD-41C3-964D-456E4D8CE3FC}.Debug|iPhone.Build.0 = Debug|iPhone
		{CCDCF7B2-DDCD-41C3-964D-456E4D8CE3FC}.Debug|iPhone.Deploy.0 = Debug|iPhone
		{CCDCF7B2-DDCD-41C3-964D-456E4D8CE3FC}.Debug|iPhoneSimulator.ActiveCfg = Debug|iPhoneSimulator
		{CCDCF7B2-DDCD-41C3-964D-456E4D8CE3FC}.Debug|iPhoneSimulator.Build.0 = Debug|iPhoneSimulator
		{CCDCF7B2-DDCD-41C3-964D-456E4D8CE3FC}.Debug|iPhoneSimulator.Deploy.0 = Debug|iPhoneSimulator
		{CCDCF7B2-DDCD-41C3-964D-456E4D8CE3FC}.Release|Any CPU.ActiveCfg = Release|iPhone
		{CCDCF7B2-DDCD-41C3-964D-456E4D8CE3FC}.Release|Any CPU.Build.0 = Release|iPhone
		{CCDCF7B2-DDCD-41C3-964D-456E4D8CE3FC}.Release|Any CPU.Deploy.0 = Release|iPhone
		{CCDCF7B2-DDCD-41C3-964D-456E4D8CE3FC}.Release|iPhone.ActiveCfg = Release|iPhone
		{CCDCF7B2-DDCD-41C3-964D-456E4D8CE3FC}.Release|iPhone.Build.0 = Release|iPhone
		{CCDCF7B2-DDCD-41C3-964D-456E4D8CE3FC}.Release|iPhone.Deploy.0 = Release|iPhone
		{CCDCF7B2-DDCD-41C3-964D-456E4D8CE3FC}.Release|iPhoneSimulator.ActiveCfg = Release|iPhoneSimulator
		{CCDCF7B2-DDCD-41C3-964D-456E4D8CE3FC}.Release|iPhoneSimulator.Build.0 = Release|iPhoneSimulator
		{CCDCF7B2-DDCD-41C3-964D-456E4D8CE3FC}.Release|iPhoneSimulator.Deploy.0 = Release|iPhoneSimulator
		{58F68735-4EBE-4878-BB25-27A5C8F0F348}.Ad-Hoc|Any CPU.ActiveCfg = Debug|Any CPU
		{58F68735-4EBE-4878-BB25-27A5C8F0F348}.Ad-Hoc|Any CPU.Build.0 = Debug|Any CPU
		{58F68735-4EBE-4878-BB25-27A5C8F0F348}.Ad-Hoc|Any CPU.Deploy.0 = Debug|Any CPU
		{58F68735-4EBE-4878-BB25-27A5C8F0F348}.Ad-Hoc|iPhone.ActiveCfg = Debug|Any CPU
		{58F68735-4EBE-4878-BB25-27A5C8F0F348}.Ad-Hoc|iPhone.Build.0 = Debug|Any CPU
		{58F68735-4EBE-4878-BB25-27A5C8F0F348}.Ad-Hoc|iPhone.Deploy.0 = Debug|Any CPU
		{58F68735-4EBE-4878-BB25-27A5C8F0F348}.Ad-Hoc|iPhoneSimulator.ActiveCfg = Debug|Any CPU
		{58F68735-4EBE-4878-BB25-27A5C8F0F348}.Ad-Hoc|iPhoneSimulator.Build.0 = Debug|Any CPU
		{58F68735-4EBE-4878-BB25-27A5C8F0F348}.Ad-Hoc|iPhoneSimulator.Deploy.0 = Debug|Any CPU
		{58F68735-4EBE-4878-BB25-27A5C8F0F348}.AppStore|Any CPU.ActiveCfg = Debug|Any CPU
		{58F68735-4EBE-4878-BB25-27A5C8F0F348}.AppStore|Any CPU.Build.0 = Debug|Any CPU
		{58F68735-4EBE-4878-BB25-27A5C8F0F348}.AppStore|Any CPU.Deploy.0 = Debug|Any CPU
		{58F68735-4EBE-4878-BB25-27A5C8F0F348}.AppStore|iPhone.ActiveCfg = Debug|Any CPU
		{58F68735-4EBE-4878-BB25-27A5C8F0F348}.AppStore|iPhone.Build.0 = Debug|Any CPU
		{58F68735-4EBE-4878-BB25-27A5C8F0F348}.AppStore|iPhone.Deploy.0 = Debug|Any CPU
		{58F68735-4EBE-4878-BB25-27A5C8F0F348}.AppStore|iPhoneSimulator.ActiveCfg = Debug|Any CPU
		{58F68735-4EBE-4878-BB25-27A5C8F0F348}.AppStore|iPhoneSimulator.Build.0 = Debug|Any CPU
		{58F68735-4EBE-4878-BB25-27A5C8F0F348}.AppStore|iPhoneSimulator.Deploy.0 = Debug|Any CPU
		{58F68735-4EBE-4878-BB25-27A5C8F0F348}.Debug|Any CPU.ActiveCfg = Debug|Any CPU
		{58F68735-4EBE-4878-BB25-27A5C8F0F348}.Debug|Any CPU.Build.0 = Debug|Any CPU
		{58F68735-4EBE-4878-BB25-27A5C8F0F348}.Debug|Any CPU.Deploy.0 = Debug|Any CPU
		{58F68735-4EBE-4878-BB25-27A5C8F0F348}.Debug|iPhone.ActiveCfg = Debug|Any CPU
		{58F68735-4EBE-4878-BB25-27A5C8F0F348}.Debug|iPhone.Build.0 = Debug|Any CPU
		{58F68735-4EBE-4878-BB25-27A5C8F0F348}.Debug|iPhone.Deploy.0 = Debug|Any CPU
		{58F68735-4EBE-4878-BB25-27A5C8F0F348}.Debug|iPhoneSimulator.ActiveCfg = Debug|Any CPU
		{58F68735-4EBE-4878-BB25-27A5C8F0F348}.Debug|iPhoneSimulator.Build.0 = Debug|Any CPU
		{58F68735-4EBE-4878-BB25-27A5C8F0F348}.Debug|iPhoneSimulator.Deploy.0 = Debug|Any CPU
		{58F68735-4EBE-4878-BB25-27A5C8F0F348}.Release|Any CPU.ActiveCfg = Release|Any CPU
		{58F68735-4EBE-4878-BB25-27A5C8F0F348}.Release|Any CPU.Build.0 = Release|Any CPU
		{58F68735-4EBE-4878-BB25-27A5C8F0F348}.Release|Any CPU.Deploy.0 = Release|Any CPU
		{58F68735-4EBE-4878-BB25-27A5C8F0F348}.Release|iPhone.ActiveCfg = Release|Any CPU
		{58F68735-4EBE-4878-BB25-27A5C8F0F348}.Release|iPhone.Build.0 = Release|Any CPU
		{58F68735-4EBE-4878-BB25-27A5C8F0F348}.Release|iPhone.Deploy.0 = Release|Any CPU
		{58F68735-4EBE-4878-BB25-27A5C8F0F348}.Release|iPhoneSimulator.ActiveCfg = Release|Any CPU
		{58F68735-4EBE-4878-BB25-27A5C8F0F348}.Release|iPhoneSimulator.Build.0 = Release|Any CPU
		{58F68735-4EBE-4878-BB25-27A5C8F0F348}.Release|iPhoneSimulator.Deploy.0 = Release|Any CPU
		{3CA831D4-518C-47A2-B525-1EF06D97354E}.Ad-Hoc|Any CPU.ActiveCfg = Release|Any CPU
		{3CA831D4-518C-47A2-B525-1EF06D97354E}.Ad-Hoc|Any CPU.Build.0 = Release|Any CPU
		{3CA831D4-518C-47A2-B525-1EF06D97354E}.Ad-Hoc|iPhone.ActiveCfg = Release|Any CPU
		{3CA831D4-518C-47A2-B525-1EF06D97354E}.Ad-Hoc|iPhone.Build.0 = Release|Any CPU
		{3CA831D4-518C-47A2-B525-1EF06D97354E}.Ad-Hoc|iPhoneSimulator.ActiveCfg = Release|Any CPU
		{3CA831D4-518C-47A2-B525-1EF06D97354E}.Ad-Hoc|iPhoneSimulator.Build.0 = Release|Any CPU
		{3CA831D4-518C-47A2-B525-1EF06D97354E}.AppStore|Any CPU.ActiveCfg = Release|Any CPU
		{3CA831D4-518C-47A2-B525-1EF06D97354E}.AppStore|Any CPU.Build.0 = Release|Any CPU
		{3CA831D4-518C-47A2-B525-1EF06D97354E}.AppStore|iPhone.ActiveCfg = Release|Any CPU
		{3CA831D4-518C-47A2-B525-1EF06D97354E}.AppStore|iPhone.Build.0 = Release|Any CPU
		{3CA831D4-518C-47A2-B525-1EF06D97354E}.AppStore|iPhoneSimulator.ActiveCfg = Release|Any CPU
		{3CA831D4-518C-47A2-B525-1EF06D97354E}.AppStore|iPhoneSimulator.Build.0 = Release|Any CPU
		{3CA831D4-518C-47A2-B525-1EF06D97354E}.Debug|Any CPU.ActiveCfg = Debug|Any CPU
		{3CA831D4-518C-47A2-B525-1EF06D97354E}.Debug|Any CPU.Build.0 = Debug|Any CPU
		{3CA831D4-518C-47A2-B525-1EF06D97354E}.Debug|iPhone.ActiveCfg = Debug|Any CPU
		{3CA831D4-518C-47A2-B525-1EF06D97354E}.Debug|iPhone.Build.0 = Debug|Any CPU
		{3CA831D4-518C-47A2-B525-1EF06D97354E}.Debug|iPhoneSimulator.ActiveCfg = Debug|Any CPU
		{3CA831D4-518C-47A2-B525-1EF06D97354E}.Debug|iPhoneSimulator.Build.0 = Debug|Any CPU
		{3CA831D4-518C-47A2-B525-1EF06D97354E}.Release|Any CPU.ActiveCfg = Release|Any CPU
		{3CA831D4-518C-47A2-B525-1EF06D97354E}.Release|Any CPU.Build.0 = Release|Any CPU
		{3CA831D4-518C-47A2-B525-1EF06D97354E}.Release|iPhone.ActiveCfg = Release|Any CPU
		{3CA831D4-518C-47A2-B525-1EF06D97354E}.Release|iPhone.Build.0 = Release|Any CPU
		{3CA831D4-518C-47A2-B525-1EF06D97354E}.Release|iPhoneSimulator.ActiveCfg = Release|Any CPU
		{3CA831D4-518C-47A2-B525-1EF06D97354E}.Release|iPhoneSimulator.Build.0 = Release|Any CPU
		{D71F4B0E-A80E-4E36-BAC7-B7AA3E37C757}.Ad-Hoc|Any CPU.ActiveCfg = Release|Any CPU
		{D71F4B0E-A80E-4E36-BAC7-B7AA3E37C757}.Ad-Hoc|Any CPU.Build.0 = Release|Any CPU
		{D71F4B0E-A80E-4E36-BAC7-B7AA3E37C757}.Ad-Hoc|iPhone.ActiveCfg = Release|Any CPU
		{D71F4B0E-A80E-4E36-BAC7-B7AA3E37C757}.Ad-Hoc|iPhone.Build.0 = Release|Any CPU
		{D71F4B0E-A80E-4E36-BAC7-B7AA3E37C757}.Ad-Hoc|iPhoneSimulator.ActiveCfg = Release|Any CPU
		{D71F4B0E-A80E-4E36-BAC7-B7AA3E37C757}.Ad-Hoc|iPhoneSimulator.Build.0 = Release|Any CPU
		{D71F4B0E-A80E-4E36-BAC7-B7AA3E37C757}.AppStore|Any CPU.ActiveCfg = Release|Any CPU
		{D71F4B0E-A80E-4E36-BAC7-B7AA3E37C757}.AppStore|Any CPU.Build.0 = Release|Any CPU
		{D71F4B0E-A80E-4E36-BAC7-B7AA3E37C757}.AppStore|iPhone.ActiveCfg = Release|Any CPU
		{D71F4B0E-A80E-4E36-BAC7-B7AA3E37C757}.AppStore|iPhone.Build.0 = Release|Any CPU
		{D71F4B0E-A80E-4E36-BAC7-B7AA3E37C757}.AppStore|iPhoneSimulator.ActiveCfg = Release|Any CPU
		{D71F4B0E-A80E-4E36-BAC7-B7AA3E37C757}.AppStore|iPhoneSimulator.Build.0 = Release|Any CPU
		{D71F4B0E-A80E-4E36-BAC7-B7AA3E37C757}.Debug|Any CPU.ActiveCfg = Debug|Any CPU
		{D71F4B0E-A80E-4E36-BAC7-B7AA3E37C757}.Debug|Any CPU.Build.0 = Debug|Any CPU
		{D71F4B0E-A80E-4E36-BAC7-B7AA3E37C757}.Debug|iPhone.ActiveCfg = Debug|Any CPU
		{D71F4B0E-A80E-4E36-BAC7-B7AA3E37C757}.Debug|iPhone.Build.0 = Debug|Any CPU
		{D71F4B0E-A80E-4E36-BAC7-B7AA3E37C757}.Debug|iPhoneSimulator.ActiveCfg = Debug|Any CPU
		{D71F4B0E-A80E-4E36-BAC7-B7AA3E37C757}.Debug|iPhoneSimulator.Build.0 = Debug|Any CPU
		{D71F4B0E-A80E-4E36-BAC7-B7AA3E37C757}.Release|Any CPU.ActiveCfg = Release|Any CPU
		{D71F4B0E-A80E-4E36-BAC7-B7AA3E37C757}.Release|Any CPU.Build.0 = Release|Any CPU
		{D71F4B0E-A80E-4E36-BAC7-B7AA3E37C757}.Release|iPhone.ActiveCfg = Release|Any CPU
		{D71F4B0E-A80E-4E36-BAC7-B7AA3E37C757}.Release|iPhone.Build.0 = Release|Any CPU
		{D71F4B0E-A80E-4E36-BAC7-B7AA3E37C757}.Release|iPhoneSimulator.ActiveCfg = Release|Any CPU
		{D71F4B0E-A80E-4E36-BAC7-B7AA3E37C757}.Release|iPhoneSimulator.Build.0 = Release|Any CPU
		{B8770A62-024A-47E1-8B64-5E3C9013C08F}.Ad-Hoc|Any CPU.ActiveCfg = Release|Any CPU
		{B8770A62-024A-47E1-8B64-5E3C9013C08F}.Ad-Hoc|Any CPU.Build.0 = Release|Any CPU
		{B8770A62-024A-47E1-8B64-5E3C9013C08F}.Ad-Hoc|iPhone.ActiveCfg = Release|Any CPU
		{B8770A62-024A-47E1-8B64-5E3C9013C08F}.Ad-Hoc|iPhone.Build.0 = Release|Any CPU
		{B8770A62-024A-47E1-8B64-5E3C9013C08F}.Ad-Hoc|iPhoneSimulator.ActiveCfg = Release|Any CPU
		{B8770A62-024A-47E1-8B64-5E3C9013C08F}.Ad-Hoc|iPhoneSimulator.Build.0 = Release|Any CPU
		{B8770A62-024A-47E1-8B64-5E3C9013C08F}.AppStore|Any CPU.ActiveCfg = Release|Any CPU
		{B8770A62-024A-47E1-8B64-5E3C9013C08F}.AppStore|Any CPU.Build.0 = Release|Any CPU
		{B8770A62-024A-47E1-8B64-5E3C9013C08F}.AppStore|iPhone.ActiveCfg = Release|Any CPU
		{B8770A62-024A-47E1-8B64-5E3C9013C08F}.AppStore|iPhone.Build.0 = Release|Any CPU
		{B8770A62-024A-47E1-8B64-5E3C9013C08F}.AppStore|iPhoneSimulator.ActiveCfg = Release|Any CPU
		{B8770A62-024A-47E1-8B64-5E3C9013C08F}.AppStore|iPhoneSimulator.Build.0 = Release|Any CPU
		{B8770A62-024A-47E1-8B64-5E3C9013C08F}.Debug|Any CPU.ActiveCfg = Debug|Any CPU
		{B8770A62-024A-47E1-8B64-5E3C9013C08F}.Debug|Any CPU.Build.0 = Debug|Any CPU
		{B8770A62-024A-47E1-8B64-5E3C9013C08F}.Debug|iPhone.ActiveCfg = Debug|Any CPU
		{B8770A62-024A-47E1-8B64-5E3C9013C08F}.Debug|iPhone.Build.0 = Debug|Any CPU
		{B8770A62-024A-47E1-8B64-5E3C9013C08F}.Debug|iPhoneSimulator.ActiveCfg = Debug|Any CPU
		{B8770A62-024A-47E1-8B64-5E3C9013C08F}.Debug|iPhoneSimulator.Build.0 = Debug|Any CPU
		{B8770A62-024A-47E1-8B64-5E3C9013C08F}.Release|Any CPU.ActiveCfg = Release|Any CPU
		{B8770A62-024A-47E1-8B64-5E3C9013C08F}.Release|Any CPU.Build.0 = Release|Any CPU
		{B8770A62-024A-47E1-8B64-5E3C9013C08F}.Release|iPhone.ActiveCfg = Release|Any CPU
		{B8770A62-024A-47E1-8B64-5E3C9013C08F}.Release|iPhone.Build.0 = Release|Any CPU
		{B8770A62-024A-47E1-8B64-5E3C9013C08F}.Release|iPhoneSimulator.ActiveCfg = Release|Any CPU
		{B8770A62-024A-47E1-8B64-5E3C9013C08F}.Release|iPhoneSimulator.Build.0 = Release|Any CPU
	EndGlobalSection
	GlobalSection(SolutionProperties) = preSolution
		HideSolutionNode = FALSE
	EndGlobalSection
	GlobalSection(ExtensibilityGlobals) = postSolution
		SolutionGuid = {8DBD4057-A580-4A80-AB4C-3B5F61358F96}
	EndGlobalSection
EndGlobal
